// !$*UTF8*$!
{
	archiveVersion = 1;
	classes = {
	};
	objectVersion = 46;
	objects = {

/* Begin PBXBuildFile section */
		6C01A6211E0D5A6300F8051F /* VideoViewController.swift in Sources */ = {isa = PBXBuildFile; fileRef = 6C01A6201E0D5A6300F8051F /* VideoViewController.swift */; };
		6C01A6231E0D663100F8051F /* CustomSegue.swift in Sources */ = {isa = PBXBuildFile; fileRef = 6C01A6221E0D663100F8051F /* CustomSegue.swift */; };
		6C01A6251E0D7FD300F8051F /* UnwindCustomSegue.swift in Sources */ = {isa = PBXBuildFile; fileRef = 6C01A6241E0D7FD300F8051F /* UnwindCustomSegue.swift */; };
		6C9979731E0098EB0046B393 /* AppDelegate.swift in Sources */ = {isa = PBXBuildFile; fileRef = 6C9979721E0098EB0046B393 /* AppDelegate.swift */; };
		6C9979751E0098EB0046B393 /* SignInViewController.swift in Sources */ = {isa = PBXBuildFile; fileRef = 6C9979741E0098EB0046B393 /* SignInViewController.swift */; };
		6C9979781E0098EB0046B393 /* Main.storyboard in Resources */ = {isa = PBXBuildFile; fileRef = 6C9979761E0098EB0046B393 /* Main.storyboard */; };
		6C99797B1E0098EB0046B393 /* signin.xcdatamodeld in Sources */ = {isa = PBXBuildFile; fileRef = 6C9979791E0098EB0046B393 /* signin.xcdatamodeld */; };
		6C99797D1E0098EB0046B393 /* Assets.xcassets in Resources */ = {isa = PBXBuildFile; fileRef = 6C99797C1E0098EB0046B393 /* Assets.xcassets */; };
		6C9979801E0098EB0046B393 /* LaunchScreen.storyboard in Resources */ = {isa = PBXBuildFile; fileRef = 6C99797E1E0098EB0046B393 /* LaunchScreen.storyboard */; };
		6C99798B1E0098EC0046B393 /* signinTests.swift in Sources */ = {isa = PBXBuildFile; fileRef = 6C99798A1E0098EC0046B393 /* signinTests.swift */; };
		6C9979961E0098EC0046B393 /* signinUITests.swift in Sources */ = {isa = PBXBuildFile; fileRef = 6C9979951E0098EC0046B393 /* signinUITests.swift */; };
		6C9979A41E00A7F00046B393 /* UserInputs.swift in Sources */ = {isa = PBXBuildFile; fileRef = 6C9979A31E00A7F00046B393 /* UserInputs.swift */; };
		6CBD1C7F1E0DB1A500A78DA0 /* KeyboardStateListener.swift in Sources */ = {isa = PBXBuildFile; fileRef = 6CBD1C7E1E0DB1A500A78DA0 /* KeyboardStateListener.swift */; };
		6CFAF1741E06AC7100D889BC /* SignUpViewController.swift in Sources */ = {isa = PBXBuildFile; fileRef = 6CFAF1731E06AC7100D889BC /* SignUpViewController.swift */; };
		6CFAF1781E06D90400D889BC /* testvideo.mp4 in Resources */ = {isa = PBXBuildFile; fileRef = 6CFAF1771E06D8FD00D889BC /* testvideo.mp4 */; };
/* End PBXBuildFile section */

/* Begin PBXContainerItemProxy section */
		6C9979871E0098EB0046B393 /* PBXContainerItemProxy */ = {
			isa = PBXContainerItemProxy;
			containerPortal = 6C9979671E0098EB0046B393 /* Project object */;
			proxyType = 1;
			remoteGlobalIDString = 6C99796E1E0098EB0046B393;
			remoteInfo = signin;
		};
		6C9979921E0098EC0046B393 /* PBXContainerItemProxy */ = {
			isa = PBXContainerItemProxy;
			containerPortal = 6C9979671E0098EB0046B393 /* Project object */;
			proxyType = 1;
			remoteGlobalIDString = 6C99796E1E0098EB0046B393;
			remoteInfo = signin;
		};
/* End PBXContainerItemProxy section */

/* Begin PBXFileReference section */
		6C01A6201E0D5A6300F8051F /* VideoViewController.swift */ = {isa = PBXFileReference; fileEncoding = 4; lastKnownFileType = sourcecode.swift; path = VideoViewController.swift; sourceTree = "<group>"; };
		6C01A6221E0D663100F8051F /* CustomSegue.swift */ = {isa = PBXFileReference; fileEncoding = 4; lastKnownFileType = sourcecode.swift; path = CustomSegue.swift; sourceTree = "<group>"; };
		6C01A6241E0D7FD300F8051F /* UnwindCustomSegue.swift */ = {isa = PBXFileReference; fileEncoding = 4; lastKnownFileType = sourcecode.swift; path = UnwindCustomSegue.swift; sourceTree = "<group>"; };
		6C99796F1E0098EB0046B393 /* signin.app */ = {isa = PBXFileReference; explicitFileType = wrapper.application; includeInIndex = 0; path = signin.app; sourceTree = BUILT_PRODUCTS_DIR; };
		6C9979721E0098EB0046B393 /* AppDelegate.swift */ = {isa = PBXFileReference; lastKnownFileType = sourcecode.swift; path = AppDelegate.swift; sourceTree = "<group>"; };
		6C9979741E0098EB0046B393 /* SignInViewController.swift */ = {isa = PBXFileReference; lastKnownFileType = sourcecode.swift; path = SignInViewController.swift; sourceTree = "<group>"; };
		6C9979771E0098EB0046B393 /* Base */ = {isa = PBXFileReference; lastKnownFileType = file.storyboard; name = Base; path = Base.lproj/Main.storyboard; sourceTree = "<group>"; };
		6C99797A1E0098EB0046B393 /* signin.xcdatamodel */ = {isa = PBXFileReference; lastKnownFileType = wrapper.xcdatamodel; path = signin.xcdatamodel; sourceTree = "<group>"; };
		6C99797C1E0098EB0046B393 /* Assets.xcassets */ = {isa = PBXFileReference; lastKnownFileType = folder.assetcatalog; path = Assets.xcassets; sourceTree = "<group>"; };
		6C99797F1E0098EB0046B393 /* Base */ = {isa = PBXFileReference; lastKnownFileType = file.storyboard; name = Base; path = Base.lproj/LaunchScreen.storyboard; sourceTree = "<group>"; };
		6C9979811E0098EB0046B393 /* Info.plist */ = {isa = PBXFileReference; lastKnownFileType = text.plist.xml; path = Info.plist; sourceTree = "<group>"; };
		6C9979861E0098EB0046B393 /* signinTests.xctest */ = {isa = PBXFileReference; explicitFileType = wrapper.cfbundle; includeInIndex = 0; path = signinTests.xctest; sourceTree = BUILT_PRODUCTS_DIR; };
		6C99798A1E0098EC0046B393 /* signinTests.swift */ = {isa = PBXFileReference; lastKnownFileType = sourcecode.swift; path = signinTests.swift; sourceTree = "<group>"; };
		6C99798C1E0098EC0046B393 /* Info.plist */ = {isa = PBXFileReference; lastKnownFileType = text.plist.xml; path = Info.plist; sourceTree = "<group>"; };
		6C9979911E0098EC0046B393 /* signinUITests.xctest */ = {isa = PBXFileReference; explicitFileType = wrapper.cfbundle; includeInIndex = 0; path = signinUITests.xctest; sourceTree = BUILT_PRODUCTS_DIR; };
		6C9979951E0098EC0046B393 /* signinUITests.swift */ = {isa = PBXFileReference; lastKnownFileType = sourcecode.swift; path = signinUITests.swift; sourceTree = "<group>"; };
		6C9979971E0098EC0046B393 /* Info.plist */ = {isa = PBXFileReference; lastKnownFileType = text.plist.xml; path = Info.plist; sourceTree = "<group>"; };
		6C9979A31E00A7F00046B393 /* UserInputs.swift */ = {isa = PBXFileReference; fileEncoding = 4; lastKnownFileType = sourcecode.swift; path = UserInputs.swift; sourceTree = "<group>"; };
		6CBD1C7E1E0DB1A500A78DA0 /* KeyboardStateListener.swift */ = {isa = PBXFileReference; fileEncoding = 4; lastKnownFileType = sourcecode.swift; path = KeyboardStateListener.swift; sourceTree = "<group>"; };
		6CFAF1731E06AC7100D889BC /* SignUpViewController.swift */ = {isa = PBXFileReference; fileEncoding = 4; lastKnownFileType = sourcecode.swift; path = SignUpViewController.swift; sourceTree = "<group>"; };
		6CFAF1771E06D8FD00D889BC /* testvideo.mp4 */ = {isa = PBXFileReference; lastKnownFileType = file; path = testvideo.mp4; sourceTree = "<group>"; };
/* End PBXFileReference section */

/* Begin PBXFrameworksBuildPhase section */
		6C99796C1E0098EB0046B393 /* Frameworks */ = {
			isa = PBXFrameworksBuildPhase;
			buildActionMask = 2147483647;
			files = (
			);
			runOnlyForDeploymentPostprocessing = 0;
		};
		6C9979831E0098EB0046B393 /* Frameworks */ = {
			isa = PBXFrameworksBuildPhase;
			buildActionMask = 2147483647;
			files = (
			);
			runOnlyForDeploymentPostprocessing = 0;
		};
		6C99798E1E0098EC0046B393 /* Frameworks */ = {
			isa = PBXFrameworksBuildPhase;
			buildActionMask = 2147483647;
			files = (
			);
			runOnlyForDeploymentPostprocessing = 0;
		};
/* End PBXFrameworksBuildPhase section */

/* Begin PBXGroup section */
		6C9979661E0098EB0046B393 = {
			isa = PBXGroup;
			children = (
				6C9979711E0098EB0046B393 /* signin */,
				6C9979891E0098EC0046B393 /* signinTests */,
				6C9979941E0098EC0046B393 /* signinUITests */,
				6C9979701E0098EB0046B393 /* Products */,
			);
			sourceTree = "<group>";
		};
		6C9979701E0098EB0046B393 /* Products */ = {
			isa = PBXGroup;
			children = (
				6C99796F1E0098EB0046B393 /* signin.app */,
				6C9979861E0098EB0046B393 /* signinTests.xctest */,
				6C9979911E0098EC0046B393 /* signinUITests.xctest */,
			);
			name = Products;
			sourceTree = "<group>";
		};
		6C9979711E0098EB0046B393 /* signin */ = {
			isa = PBXGroup;
			children = (
				6C9979721E0098EB0046B393 /* AppDelegate.swift */,
				6C01A6201E0D5A6300F8051F /* VideoViewController.swift */,
				6C9979741E0098EB0046B393 /* SignInViewController.swift */,
				6CBD1C7E1E0DB1A500A78DA0 /* KeyboardStateListener.swift */,
				6CFAF1731E06AC7100D889BC /* SignUpViewController.swift */,
				6C9979A31E00A7F00046B393 /* UserInputs.swift */,
				6C01A6221E0D663100F8051F /* CustomSegue.swift */,
				6C01A6241E0D7FD300F8051F /* UnwindCustomSegue.swift */,
				6CFAF1771E06D8FD00D889BC /* testvideo.mp4 */,
				6C9979761E0098EB0046B393 /* Main.storyboard */,
				6C99797C1E0098EB0046B393 /* Assets.xcassets */,
				6C99797E1E0098EB0046B393 /* LaunchScreen.storyboard */,
				6C9979811E0098EB0046B393 /* Info.plist */,
				6C9979791E0098EB0046B393 /* signin.xcdatamodeld */,
			);
			path = signin;
			sourceTree = "<group>";
		};
		6C9979891E0098EC0046B393 /* signinTests */ = {
			isa = PBXGroup;
			children = (
				6C99798A1E0098EC0046B393 /* signinTests.swift */,
				6C99798C1E0098EC0046B393 /* Info.plist */,
			);
			path = signinTests;
			sourceTree = "<group>";
		};
		6C9979941E0098EC0046B393 /* signinUITests */ = {
			isa = PBXGroup;
			children = (
				6C9979951E0098EC0046B393 /* signinUITests.swift */,
				6C9979971E0098EC0046B393 /* Info.plist */,
			);
			path = signinUITests;
			sourceTree = "<group>";
		};
/* End PBXGroup section */

/* Begin PBXNativeTarget section */
		6C99796E1E0098EB0046B393 /* signin */ = {
			isa = PBXNativeTarget;
			buildConfigurationList = 6C99799A1E0098EC0046B393 /* Build configuration list for PBXNativeTarget "signin" */;
			buildPhases = (
				6C99796B1E0098EB0046B393 /* Sources */,
				6C99796C1E0098EB0046B393 /* Frameworks */,
				6C99796D1E0098EB0046B393 /* Resources */,
			);
			buildRules = (
			);
			dependencies = (
			);
			name = signin;
			productName = signin;
			productReference = 6C99796F1E0098EB0046B393 /* signin.app */;
			productType = "com.apple.product-type.application";
		};
		6C9979851E0098EB0046B393 /* signinTests */ = {
			isa = PBXNativeTarget;
			buildConfigurationList = 6C99799D1E0098EC0046B393 /* Build configuration list for PBXNativeTarget "signinTests" */;
			buildPhases = (
				6C9979821E0098EB0046B393 /* Sources */,
				6C9979831E0098EB0046B393 /* Frameworks */,
				6C9979841E0098EB0046B393 /* Resources */,
			);
			buildRules = (
			);
			dependencies = (
				6C9979881E0098EB0046B393 /* PBXTargetDependency */,
			);
			name = signinTests;
			productName = signinTests;
			productReference = 6C9979861E0098EB0046B393 /* signinTests.xctest */;
			productType = "com.apple.product-type.bundle.unit-test";
		};
		6C9979901E0098EC0046B393 /* signinUITests */ = {
			isa = PBXNativeTarget;
			buildConfigurationList = 6C9979A01E0098EC0046B393 /* Build configuration list for PBXNativeTarget "signinUITests" */;
			buildPhases = (
				6C99798D1E0098EC0046B393 /* Sources */,
				6C99798E1E0098EC0046B393 /* Frameworks */,
				6C99798F1E0098EC0046B393 /* Resources */,
			);
			buildRules = (
			);
			dependencies = (
				6C9979931E0098EC0046B393 /* PBXTargetDependency */,
			);
			name = signinUITests;
			productName = signinUITests;
			productReference = 6C9979911E0098EC0046B393 /* signinUITests.xctest */;
			productType = "com.apple.product-type.bundle.ui-testing";
		};
/* End PBXNativeTarget section */

/* Begin PBXProject section */
		6C9979671E0098EB0046B393 /* Project object */ = {
			isa = PBXProject;
			attributes = {
				LastSwiftUpdateCheck = 0810;
				LastUpgradeCheck = 0820;
				ORGANIZATIONNAME = Wouter;
				TargetAttributes = {
					6C99796E1E0098EB0046B393 = {
						CreatedOnToolsVersion = 8.1;
						DevelopmentTeam = JU6AZT44CN;
						ProvisioningStyle = Automatic;
					};
					6C9979851E0098EB0046B393 = {
						CreatedOnToolsVersion = 8.1;
						DevelopmentTeam = JU6AZT44CN;
						ProvisioningStyle = Automatic;
						TestTargetID = 6C99796E1E0098EB0046B393;
					};
					6C9979901E0098EC0046B393 = {
						CreatedOnToolsVersion = 8.1;
						DevelopmentTeam = JU6AZT44CN;
						ProvisioningStyle = Automatic;
						TestTargetID = 6C99796E1E0098EB0046B393;
					};
				};
			};
			buildConfigurationList = 6C99796A1E0098EB0046B393 /* Build configuration list for PBXProject "signin" */;
			compatibilityVersion = "Xcode 3.2";
			developmentRegion = English;
			hasScannedForEncodings = 0;
			knownRegions = (
				en,
				Base,
			);
			mainGroup = 6C9979661E0098EB0046B393;
			productRefGroup = 6C9979701E0098EB0046B393 /* Products */;
			projectDirPath = "";
			projectRoot = "";
			targets = (
				6C99796E1E0098EB0046B393 /* signin */,
				6C9979851E0098EB0046B393 /* signinTests */,
				6C9979901E0098EC0046B393 /* signinUITests */,
			);
		};
/* End PBXProject section */

/* Begin PBXResourcesBuildPhase section */
		6C99796D1E0098EB0046B393 /* Resources */ = {
			isa = PBXResourcesBuildPhase;
			buildActionMask = 2147483647;
			files = (
				6CFAF1781E06D90400D889BC /* testvideo.mp4 in Resources */,
				6C9979801E0098EB0046B393 /* LaunchScreen.storyboard in Resources */,
				6C99797D1E0098EB0046B393 /* Assets.xcassets in Resources */,
				6C9979781E0098EB0046B393 /* Main.storyboard in Resources */,
			);
			runOnlyForDeploymentPostprocessing = 0;
		};
		6C9979841E0098EB0046B393 /* Resources */ = {
			isa = PBXResourcesBuildPhase;
			buildActionMask = 2147483647;
			files = (
			);
			runOnlyForDeploymentPostprocessing = 0;
		};
		6C99798F1E0098EC0046B393 /* Resources */ = {
			isa = PBXResourcesBuildPhase;
			buildActionMask = 2147483647;
			files = (
			);
			runOnlyForDeploymentPostprocessing = 0;
		};
/* End PBXResourcesBuildPhase section */

/* Begin PBXSourcesBuildPhase section */
		6C99796B1E0098EB0046B393 /* Sources */ = {
			isa = PBXSourcesBuildPhase;
			buildActionMask = 2147483647;
			files = (
				6CBD1C7F1E0DB1A500A78DA0 /* KeyboardStateListener.swift in Sources */,
				6C99797B1E0098EB0046B393 /* signin.xcdatamodeld in Sources */,
				6C9979A41E00A7F00046B393 /* UserInputs.swift in Sources */,
				6C01A6211E0D5A6300F8051F /* VideoViewController.swift in Sources */,
				6C01A6251E0D7FD300F8051F /* UnwindCustomSegue.swift in Sources */,
				6C9979751E0098EB0046B393 /* SignInViewController.swift in Sources */,
				6C01A6231E0D663100F8051F /* CustomSegue.swift in Sources */,
				6C9979731E0098EB0046B393 /* AppDelegate.swift in Sources */,
				6CFAF1741E06AC7100D889BC /* SignUpViewController.swift in Sources */,
			);
			runOnlyForDeploymentPostprocessing = 0;
		};
		6C9979821E0098EB0046B393 /* Sources */ = {
			isa = PBXSourcesBuildPhase;
			buildActionMask = 2147483647;
			files = (
				6C99798B1E0098EC0046B393 /* signinTests.swift in Sources */,
			);
			runOnlyForDeploymentPostprocessing = 0;
		};
		6C99798D1E0098EC0046B393 /* Sources */ = {
			isa = PBXSourcesBuildPhase;
			buildActionMask = 2147483647;
			files = (
				6C9979961E0098EC0046B393 /* signinUITests.swift in Sources */,
			);
			runOnlyForDeploymentPostprocessing = 0;
		};
/* End PBXSourcesBuildPhase section */

/* Begin PBXTargetDependency section */
		6C9979881E0098EB0046B393 /* PBXTargetDependency */ = {
			isa = PBXTargetDependency;
			target = 6C99796E1E0098EB0046B393 /* signin */;
			targetProxy = 6C9979871E0098EB0046B393 /* PBXContainerItemProxy */;
		};
		6C9979931E0098EC0046B393 /* PBXTargetDependency */ = {
			isa = PBXTargetDependency;
			target = 6C99796E1E0098EB0046B393 /* signin */;
			targetProxy = 6C9979921E0098EC0046B393 /* PBXContainerItemProxy */;
		};
/* End PBXTargetDependency section */

/* Begin PBXVariantGroup section */
		6C9979761E0098EB0046B393 /* Main.storyboard */ = {
			isa = PBXVariantGroup;
			children = (
				6C9979771E0098EB0046B393 /* Base */,
			);
			name = Main.storyboard;
			sourceTree = "<group>";
		};
		6C99797E1E0098EB0046B393 /* LaunchScreen.storyboard */ = {
			isa = PBXVariantGroup;
			children = (
				6C99797F1E0098EB0046B393 /* Base */,
			);
			name = LaunchScreen.storyboard;
			sourceTree = "<group>";
		};
/* End PBXVariantGroup section */

/* Begin XCBuildConfiguration section */
		6C9979981E0098EC0046B393 /* Debug */ = {
			isa = XCBuildConfiguration;
			buildSettings = {
				ALWAYS_SEARCH_USER_PATHS = NO;
				CLANG_ANALYZER_NONNULL = YES;
				CLANG_CXX_LANGUAGE_STANDARD = "gnu++0x";
				CLANG_CXX_LIBRARY = "libc++";
				CLANG_ENABLE_MODULES = YES;
				CLANG_ENABLE_OBJC_ARC = YES;
				CLANG_WARN_BOOL_CONVERSION = YES;
				CLANG_WARN_CONSTANT_CONVERSION = YES;
				CLANG_WARN_DIRECT_OBJC_ISA_USAGE = YES_ERROR;
				CLANG_WARN_DOCUMENTATION_COMMENTS = YES;
				CLANG_WARN_EMPTY_BODY = YES;
				CLANG_WARN_ENUM_CONVERSION = YES;
				CLANG_WARN_INFINITE_RECURSION = YES;
				CLANG_WARN_INT_CONVERSION = YES;
				CLANG_WARN_OBJC_ROOT_CLASS = YES_ERROR;
				CLANG_WARN_SUSPICIOUS_MOVE = YES;
				CLANG_WARN_SUSPICIOUS_MOVES = YES;
				CLANG_WARN_UNREACHABLE_CODE = YES;
				CLANG_WARN__DUPLICATE_METHOD_MATCH = YES;
				"CODE_SIGN_IDENTITY[sdk=iphoneos*]" = "iPhone Developer";
				COPY_PHASE_STRIP = NO;
				DEBUG_INFORMATION_FORMAT = dwarf;
				ENABLE_STRICT_OBJC_MSGSEND = YES;
				ENABLE_TESTABILITY = YES;
				GCC_C_LANGUAGE_STANDARD = gnu99;
				GCC_DYNAMIC_NO_PIC = NO;
				GCC_NO_COMMON_BLOCKS = YES;
				GCC_OPTIMIZATION_LEVEL = 0;
				GCC_PREPROCESSOR_DEFINITIONS = (
					"DEBUG=1",
					"$(inherited)",
				);
				GCC_WARN_64_TO_32_BIT_CONVERSION = YES;
				GCC_WARN_ABOUT_RETURN_TYPE = YES_ERROR;
				GCC_WARN_UNDECLARED_SELECTOR = YES;
				GCC_WARN_UNINITIALIZED_AUTOS = YES_AGGRESSIVE;
				GCC_WARN_UNUSED_FUNCTION = YES;
				GCC_WARN_UNUSED_VARIABLE = YES;
				IPHONEOS_DEPLOYMENT_TARGET = 10.1;
				MTL_ENABLE_DEBUG_INFO = YES;
				ONLY_ACTIVE_ARCH = YES;
				SDKROOT = iphoneos;
				SWIFT_ACTIVE_COMPILATION_CONDITIONS = DEBUG;
				SWIFT_OPTIMIZATION_LEVEL = "-Onone";
			};
			name = Debug;
		};
		6C9979991E0098EC0046B393 /* Release */ = {
			isa = XCBuildConfiguration;
			buildSettings = {
				ALWAYS_SEARCH_USER_PATHS = NO;
				CLANG_ANALYZER_NONNULL = YES;
				CLANG_CXX_LANGUAGE_STANDARD = "gnu++0x";
				CLANG_CXX_LIBRARY = "libc++";
				CLANG_ENABLE_MODULES = YES;
				CLANG_ENABLE_OBJC_ARC = YES;
				CLANG_WARN_BOOL_CONVERSION = YES;
				CLANG_WARN_CONSTANT_CONVERSION = YES;
				CLANG_WARN_DIRECT_OBJC_ISA_USAGE = YES_ERROR;
				CLANG_WARN_DOCUMENTATION_COMMENTS = YES;
				CLANG_WARN_EMPTY_BODY = YES;
				CLANG_WARN_ENUM_CONVERSION = YES;
				CLANG_WARN_INFINITE_RECURSION = YES;
				CLANG_WARN_INT_CONVERSION = YES;
				CLANG_WARN_OBJC_ROOT_CLASS = YES_ERROR;
				CLANG_WARN_SUSPICIOUS_MOVE = YES;
				CLANG_WARN_SUSPICIOUS_MOVES = YES;
				CLANG_WARN_UNREACHABLE_CODE = YES;
				CLANG_WARN__DUPLICATE_METHOD_MATCH = YES;
				"CODE_SIGN_IDENTITY[sdk=iphoneos*]" = "iPhone Developer";
				COPY_PHASE_STRIP = NO;
				DEBUG_INFORMATION_FORMAT = "dwarf-with-dsym";
				ENABLE_NS_ASSERTIONS = NO;
				ENABLE_STRICT_OBJC_MSGSEND = YES;
				GCC_C_LANGUAGE_STANDARD = gnu99;
				GCC_NO_COMMON_BLOCKS = YES;
				GCC_WARN_64_TO_32_BIT_CONVERSION = YES;
				GCC_WARN_ABOUT_RETURN_TYPE = YES_ERROR;
				GCC_WARN_UNDECLARED_SELECTOR = YES;
				GCC_WARN_UNINITIALIZED_AUTOS = YES_AGGRESSIVE;
				GCC_WARN_UNUSED_FUNCTION = YES;
				GCC_WARN_UNUSED_VARIABLE = YES;
				IPHONEOS_DEPLOYMENT_TARGET = 10.1;
				MTL_ENABLE_DEBUG_INFO = NO;
				SDKROOT = iphoneos;
				SWIFT_OPTIMIZATION_LEVEL = "-Owholemodule";
				VALIDATE_PRODUCT = YES;
			};
			name = Release;
		};
		6C99799B1E0098EC0046B393 /* Debug */ = {
			isa = XCBuildConfiguration;
			buildSettings = {
				ASSETCATALOG_COMPILER_APPICON_NAME = AppIcon;
				DEVELOPMENT_TEAM = JU6AZT44CN;
				INFOPLIST_FILE = signin/Info.plist;
				LD_RUNPATH_SEARCH_PATHS = "$(inherited) @executable_path/Frameworks";
				PRODUCT_BUNDLE_IDENTIFIER = co.bass.signin;
				PRODUCT_NAME = "$(TARGET_NAME)";
				SWIFT_VERSION = 3.0;
			};
			name = Debug;
		};
		6C99799C1E0098EC0046B393 /* Release */ = {
			isa = XCBuildConfiguration;
			buildSettings = {
				ASSETCATALOG_COMPILER_APPICON_NAME = AppIcon;
				DEVELOPMENT_TEAM = JU6AZT44CN;
				INFOPLIST_FILE = signin/Info.plist;
				LD_RUNPATH_SEARCH_PATHS = "$(inherited) @executable_path/Frameworks";
				PRODUCT_BUNDLE_IDENTIFIER = co.bass.signin;
				PRODUCT_NAME = "$(TARGET_NAME)";
				SWIFT_VERSION = 3.0;
			};
			name = Release;
		};
		6C99799E1E0098EC0046B393 /* Debug */ = {
			isa = XCBuildConfiguration;
			buildSettings = {
				ALWAYS_EMBED_SWIFT_STANDARD_LIBRARIES = YES;
				BUNDLE_LOADER = "$(TEST_HOST)";
				DEVELOPMENT_TEAM = JU6AZT44CN;
				INFOPLIST_FILE = signinTests/Info.plist;
				LD_RUNPATH_SEARCH_PATHS = "$(inherited) @executable_path/Frameworks @loader_path/Frameworks";
				PRODUCT_BUNDLE_IDENTIFIER = co.bass.signinTests;
				PRODUCT_NAME = "$(TARGET_NAME)";
				SWIFT_VERSION = 3.0;
				TEST_HOST = "$(BUILT_PRODUCTS_DIR)/signin.app/signin";
			};
			name = Debug;
		};
		6C99799F1E0098EC0046B393 /* Release */ = {
			isa = XCBuildConfiguration;
			buildSettings = {
				ALWAYS_EMBED_SWIFT_STANDARD_LIBRARIES = YES;
				BUNDLE_LOADER = "$(TEST_HOST)";
				DEVELOPMENT_TEAM = JU6AZT44CN;
				INFOPLIST_FILE = signinTests/Info.plist;
				LD_RUNPATH_SEARCH_PATHS = "$(inherited) @executable_path/Frameworks @loader_path/Frameworks";
				PRODUCT_BUNDLE_IDENTIFIER = co.bass.signinTests;
				PRODUCT_NAME = "$(TARGET_NAME)";
				SWIFT_VERSION = 3.0;
				TEST_HOST = "$(BUILT_PRODUCTS_DIR)/signin.app/signin";
			};
			name = Release;
		};
		6C9979A11E0098EC0046B393 /* Debug */ = {
			isa = XCBuildConfiguration;
			buildSettings = {
				ALWAYS_EMBED_SWIFT_STANDARD_LIBRARIES = YES;
				DEVELOPMENT_TEAM = JU6AZT44CN;
				INFOPLIST_FILE = signinUITests/Info.plist;
				LD_RUNPATH_SEARCH_PATHS = "$(inherited) @executable_path/Frameworks @loader_path/Frameworks";
				PRODUCT_BUNDLE_IDENTIFIER = co.bass.signinUITests;
				PRODUCT_NAME = "$(TARGET_NAME)";
				SWIFT_VERSION = 3.0;
				TEST_TARGET_NAME = signin;
			};
			name = Debug;
		};
		6C9979A21E0098EC0046B393 /* Release */ = {
			isa = XCBuildConfiguration;
			buildSettings = {
				ALWAYS_EMBED_SWIFT_STANDARD_LIBRARIES = YES;
				DEVELOPMENT_TEAM = JU6AZT44CN;
				INFOPLIST_FILE = signinUITests/Info.plist;
				LD_RUNPATH_SEARCH_PATHS = "$(inherited) @executable_path/Frameworks @loader_path/Frameworks";
				PRODUCT_BUNDLE_IDENTIFIER = co.bass.signinUITests;
				PRODUCT_NAME = "$(TARGET_NAME)";
				SWIFT_VERSION = 3.0;
				TEST_TARGET_NAME = signin;
			};
			name = Release;
		};
/* End XCBuildConfiguration section */

/* Begin XCConfigurationList section */
		6C99796A1E0098EB0046B393 /* Build configuration list for PBXProject "signin" */ = {
			isa = XCConfigurationList;
			buildConfigurations = (
				6C9979981E0098EC0046B393 /* Debug */,
				6C9979991E0098EC0046B393 /* Release */,
			);
			defaultConfigurationIsVisible = 0;
			defaultConfigurationName = Release;
		};
		6C99799A1E0098EC0046B393 /* Build configuration list for PBXNativeTarget "signin" */ = {
			isa = XCConfigurationList;
			buildConfigurations = (
				6C99799B1E0098EC0046B393 /* Debug */,
				6C99799C1E0098EC0046B393 /* Release */,
			);
			defaultConfigurationIsVisible = 0;
			defaultConfigurationName = Release;
		};
		6C99799D1E0098EC0046B393 /* Build configuration list for PBXNativeTarget "signinTests" */ = {
			isa = XCConfigurationList;
			buildConfigurations = (
				6C99799E1E0098EC0046B393 /* Debug */,
				6C99799F1E0098EC0046B393 /* Release */,
			);
			defaultConfigurationIsVisible = 0;
			defaultConfigurationName = Release;
		};
		6C9979A01E0098EC0046B393 /* Build configuration list for PBXNativeTarget "signinUITests" */ = {
			isa = XCConfigurationList;
			buildConfigurations = (
				6C9979A11E0098EC0046B393 /* Debug */,
				6C9979A21E0098EC0046B393 /* Release */,
			);
			defaultConfigurationIsVisible = 0;
			defaultConfigurationName = Release;
		};
/* End XCConfigurationList section */

/* Begin XCVersionGroup section */
		6C9979791E0098EB0046B393 /* signin.xcdatamodeld */ = {
			isa = XCVersionGroup;
			children = (
				6C99797A1E0098EB0046B393 /* signin.xcdatamodel */,
			);
			currentVersion = 6C99797A1E0098EB0046B393 /* signin.xcdatamodel */;
			path = signin.xcdatamodeld;
			sourceTree = "<group>";
			versionGroupType = wrapper.xcdatamodel;
		};
/* End XCVersionGroup section */
	};
	rootObject = 6C9979671E0098EB0046B393 /* Project object */;
}
